
Microsoft Visual Studio Solution File, Format Version 12.00
# Visual Studio Version 17
VisualStudioVersion = 17.4.33213.308
MinimumVisualStudioVersion = 10.0.40219.1
Project("{FAE04EC0-301F-11D3-BF4B-00C04F79EFBC}") = "Project-RPGHeros-Backend", "Project-RPGHeros-Backend\Project-RPGHeros-Backend.csproj", "{58C643CB-01AF-4379-845E-F7E72749AAC1}"
EndProject
Project("{FAE04EC0-301F-11D3-BF4B-00C04F79EFBC}") = "ProjectHeroesTest", "ProjectHeroesTest\ProjectHeroesTest.csproj", "{D6FD6F42-5699-405B-A163-E6D812BBC7E5}"
EndProject
Global
	GlobalSection(SolutionConfigurationPlatforms) = preSolution
		Debug|Any CPU = Debug|Any CPU
		Release|Any CPU = Release|Any CPU
	EndGlobalSection
	GlobalSection(ProjectConfigurationPlatforms) = postSolution
		{58C643CB-01AF-4379-845E-F7E72749AAC1}.Debug|Any CPU.ActiveCfg = Debug|Any CPU
		{58C643CB-01AF-4379-845E-F7E72749AAC1}.Debug|Any CPU.Build.0 = Debug|Any CPU
		{58C643CB-01AF-4379-845E-F7E72749AAC1}.Release|Any CPU.ActiveCfg = Release|Any CPU
		{58C643CB-01AF-4379-845E-F7E72749AAC1}.Release|Any CPU.Build.0 = Release|Any CPU
		{D6FD6F42-5699-405B-A163-E6D812BBC7E5}.Debug|Any CPU.ActiveCfg = Debug|Any CPU
		{D6FD6F42-5699-405B-A163-E6D812BBC7E5}.Debug|Any CPU.Build.0 = Debug|Any CPU
		{D6FD6F42-5699-405B-A163-E6D812BBC7E5}.Release|Any CPU.ActiveCfg = Release|Any CPU
		{D6FD6F42-5699-405B-A163-E6D812BBC7E5}.Release|Any CPU.Build.0 = Release|Any CPU
	EndGlobalSection
	GlobalSection(SolutionProperties) = preSolution
		HideSolutionNode = FALSE
	EndGlobalSection
	GlobalSection(ExtensibilityGlobals) = postSolution
		SolutionGuid = {DDAC5E66-F057-4503-B634-73EBD05342ED}
	EndGlobalSection
EndGlobal
